
Microsoft Visual Studio Solution File, Format Version 12.00
# Visual Studio Version 17
VisualStudioVersion = 17.8.34525.116
MinimumVisualStudioVersion = 10.0.40219.1
Project("{9A19103F-16F7-4668-BE54-9A1E7A4F7556}") = "ADOCLIENT", "ADOCLIENT.csproj", "{D02BB918-7762-4B6A-A05C-34CB89FB0A53}"
EndProject
Project("{9A19103F-16F7-4668-BE54-9A1E7A4F7556}") = "ADOSERVER", "..\ADOSERVER\ADOSERVER.csproj", "{77180879-F567-47CB-9E1C-4279304DBA02}"
EndProject
Global
	GlobalSection(SolutionConfigurationPlatforms) = preSolution
		Debug|Any CPU = Debug|Any CPU
		Release|Any CPU = Release|Any CPU
	EndGlobalSection
	GlobalSection(ProjectConfigurationPlatforms) = postSolution
		{D02BB918-7762-4B6A-A05C-34CB89FB0A53}.Debug|Any CPU.ActiveCfg = Debug|Any CPU
		{D02BB918-7762-4B6A-A05C-34CB89FB0A53}.Debug|Any CPU.Build.0 = Debug|Any CPU
		{D02BB918-7762-4B6A-A05C-34CB89FB0A53}.Release|Any CPU.ActiveCfg = Release|Any CPU
		{D02BB918-7762-4B6A-A05C-34CB89FB0A53}.Release|Any CPU.Build.0 = Release|Any CPU
		{77180879-F567-47CB-9E1C-4279304DBA02}.Debug|Any CPU.ActiveCfg = Debug|Any CPU
		{77180879-F567-47CB-9E1C-4279304DBA02}.Debug|Any CPU.Build.0 = Debug|Any CPU
		{77180879-F567-47CB-9E1C-4279304DBA02}.Release|Any CPU.ActiveCfg = Release|Any CPU
		{77180879-F567-47CB-9E1C-4279304DBA02}.Release|Any CPU.Build.0 = Release|Any CPU
	EndGlobalSection
	GlobalSection(SolutionProperties) = preSolution
		HideSolutionNode = FALSE
	EndGlobalSection
	GlobalSection(ExtensibilityGlobals) = postSolution
		SolutionGuid = {D0841819-09BC-4E8B-B3CF-B4D5F3581F76}
	EndGlobalSection
EndGlobal
